# This file was autogenerated by Stack.
# You should not edit this file by hand.
# For more information, please see the documentation at:
#   https://docs.haskellstack.org/en/stable/topics/lock_files

packages: []
snapshots:
- completed:
    sha256: ef20fb3d733b0f40707b53ab42cd159991859209863436fca146c8a126f9ecad
    size: 746645
    url: https://raw.githubusercontent.com/commercialhaskell/stackage-snapshots/master/nightly/2026/4/26.yaml
  original: nightly-2026-04-26
